// !$*UTF8*$!
{
	archiveVersion = 1;
	classes = {
	};
	objectVersion = 56;
	objects = {

/* Begin PBXBuildFile section */
		BB000001 /* QRBookApp.swift in Sources */ = {isa = PBXBuildFile; fileRef = CC000001 /* QRBookApp.swift */; };
		BB000002 /* QRCode.swift in Sources */ = {isa = PBXBuildFile; fileRef = CC000002 /* QRCode.swift */; };
		BB000003 /* QRGenerator.swift in Sources */ = {isa = PBXBuildFile; fileRef = CC000003 /* QRGenerator.swift */; };
		BB000004 /* QRDataEncoder.swift in Sources */ = {isa = PBXBuildFile; fileRef = CC000004 /* QRDataEncoder.swift */; };
		BB000005 /* Validation.swift in Sources */ = {isa = PBXBuildFile; fileRef = CC000005 /* Validation.swift */; };
		BB000006 /* MainTabView.swift in Sources */ = {isa = PBXBuildFile; fileRef = CC000006 /* MainTabView.swift */; };
		BB000007 /* QRLibraryView.swift in Sources */ = {isa = PBXBuildFile; fileRef = CC000007 /* QRLibraryView.swift */; };
		BB000008 /* QRCardView.swift in Sources */ = {isa = PBXBuildFile; fileRef = CC000008 /* QRCardView.swift */; };
		BB000009 /* QRFilterSheet.swift in Sources */ = {isa = PBXBuildFile; fileRef = CC000009 /* QRFilterSheet.swift */; };
		BB000010 /* CreateQRView.swift in Sources */ = {isa = PBXBuildFile; fileRef = CC000010 /* CreateQRView.swift */; };
		BB000011 /* WiFiFormView.swift in Sources */ = {isa = PBXBuildFile; fileRef = CC000011 /* WiFiFormView.swift */; };
		BB000012 /* ContactFormView.swift in Sources */ = {isa = PBXBuildFile; fileRef = CC000012 /* ContactFormView.swift */; };
		BB000013 /* CalendarFormView.swift in Sources */ = {isa = PBXBuildFile; fileRef = CC000013 /* CalendarFormView.swift */; };
		BB000014 /* PaymentFormView.swift in Sources */ = {isa = PBXBuildFile; fileRef = CC000014 /* PaymentFormView.swift */; };
		BB000015 /* QRFullscreenView.swift in Sources */ = {isa = PBXBuildFile; fileRef = CC000015 /* QRFullscreenView.swift */; };
		BB000016 /* SettingsView.swift in Sources */ = {isa = PBXBuildFile; fileRef = CC000016 /* SettingsView.swift */; };
		BB000017 /* QRLibraryViewModel.swift in Sources */ = {isa = PBXBuildFile; fileRef = CC000017 /* QRLibraryViewModel.swift */; };
		BB000018 /* QRCreationViewModel.swift in Sources */ = {isa = PBXBuildFile; fileRef = CC000018 /* QRCreationViewModel.swift */; };
		BB000020 /* Assets.xcassets in Resources */ = {isa = PBXBuildFile; fileRef = CC000020 /* Assets.xcassets */; };
		BB000030 /* BulkImportService.swift in Sources */ = {isa = PBXBuildFile; fileRef = CC000030 /* BulkImportService.swift */; };
		BB000031 /* BulkImportView.swift in Sources */ = {isa = PBXBuildFile; fileRef = CC000031 /* BulkImportView.swift */; };
		BB000040 /* AppTheme.swift in Sources */ = {isa = PBXBuildFile; fileRef = CC000040 /* AppTheme.swift */; };
		BB000050 /* SplashView.swift in Sources */ = {isa = PBXBuildFile; fileRef = CC000050 /* SplashView.swift */; };
		BB000051 /* Folder.swift in Sources */ = {isa = PBXBuildFile; fileRef = CC000051 /* Folder.swift */; };
		BB000052 /* ScanEvent.swift in Sources */ = {isa = PBXBuildFile; fileRef = CC000052 /* ScanEvent.swift */; };
		BB000053 /* AppearanceSettingsView.swift in Sources */ = {isa = PBXBuildFile; fileRef = CC000053 /* AppearanceSettingsView.swift */; };
		BB000054 /* ManageFoldersView.swift in Sources */ = {isa = PBXBuildFile; fileRef = CC000054 /* ManageFoldersView.swift */; };
		BB000055 /* HapticManager.swift in Sources */ = {isa = PBXBuildFile; fileRef = CC000055 /* HapticManager.swift */; };
		BB000056 /* QRDataDecoder.swift in Sources */ = {isa = PBXBuildFile; fileRef = CC000056 /* QRDataDecoder.swift */; };
/* End PBXBuildFile section */

/* Begin PBXFileReference section */
		AA000001 /* QRBook.app */ = {isa = PBXFileReference; explicitFileType = wrapper.application; includeInIndex = 0; path = QRBook.app; sourceTree = BUILT_PRODUCTS_DIR; };
		CC000001 /* QRBookApp.swift */ = {isa = PBXFileReference; lastKnownFileType = sourcecode.swift; path = QRBookApp.swift; sourceTree = "<group>"; };
		CC000002 /* QRCode.swift */ = {isa = PBXFileReference; lastKnownFileType = sourcecode.swift; path = QRCode.swift; sourceTree = "<group>"; };
		CC000003 /* QRGenerator.swift */ = {isa = PBXFileReference; lastKnownFileType = sourcecode.swift; path = QRGenerator.swift; sourceTree = "<group>"; };
		CC000004 /* QRDataEncoder.swift */ = {isa = PBXFileReference; lastKnownFileType = sourcecode.swift; path = QRDataEncoder.swift; sourceTree = "<group>"; };
		CC000005 /* Validation.swift */ = {isa = PBXFileReference; lastKnownFileType = sourcecode.swift; path = Validation.swift; sourceTree = "<group>"; };
		CC000006 /* MainTabView.swift */ = {isa = PBXFileReference; lastKnownFileType = sourcecode.swift; path = MainTabView.swift; sourceTree = "<group>"; };
		CC000007 /* QRLibraryView.swift */ = {isa = PBXFileReference; lastKnownFileType = sourcecode.swift; path = QRLibraryView.swift; sourceTree = "<group>"; };
		CC000008 /* QRCardView.swift */ = {isa = PBXFileReference; lastKnownFileType = sourcecode.swift; path = QRCardView.swift; sourceTree = "<group>"; };
		CC000009 /* QRFilterSheet.swift */ = {isa = PBXFileReference; lastKnownFileType = sourcecode.swift; path = QRFilterSheet.swift; sourceTree = "<group>"; };
		CC000010 /* CreateQRView.swift */ = {isa = PBXFileReference; lastKnownFileType = sourcecode.swift; path = CreateQRView.swift; sourceTree = "<group>"; };
		CC000011 /* WiFiFormView.swift */ = {isa = PBXFileReference; lastKnownFileType = sourcecode.swift; path = WiFiFormView.swift; sourceTree = "<group>"; };
		CC000012 /* ContactFormView.swift */ = {isa = PBXFileReference; lastKnownFileType = sourcecode.swift; path = ContactFormView.swift; sourceTree = "<group>"; };
		CC000013 /* CalendarFormView.swift */ = {isa = PBXFileReference; lastKnownFileType = sourcecode.swift; path = CalendarFormView.swift; sourceTree = "<group>"; };
		CC000014 /* PaymentFormView.swift */ = {isa = PBXFileReference; lastKnownFileType = sourcecode.swift; path = PaymentFormView.swift; sourceTree = "<group>"; };
		CC000015 /* QRFullscreenView.swift */ = {isa = PBXFileReference; lastKnownFileType = sourcecode.swift; path = QRFullscreenView.swift; sourceTree = "<group>"; };
		CC000016 /* SettingsView.swift */ = {isa = PBXFileReference; lastKnownFileType = sourcecode.swift; path = SettingsView.swift; sourceTree = "<group>"; };
		CC000017 /* QRLibraryViewModel.swift */ = {isa = PBXFileReference; lastKnownFileType = sourcecode.swift; path = QRLibraryViewModel.swift; sourceTree = "<group>"; };
		CC000018 /* QRCreationViewModel.swift */ = {isa = PBXFileReference; lastKnownFileType = sourcecode.swift; path = QRCreationViewModel.swift; sourceTree = "<group>"; };
		CC000020 /* Assets.xcassets */ = {isa = PBXFileReference; lastKnownFileType = folder.assetcatalog; path = Assets.xcassets; sourceTree = "<group>"; };
		CC000021 /* QRBook.entitlements */ = {isa = PBXFileReference; lastKnownFileType = text.plist.entitlements; path = QRBook.entitlements; sourceTree = "<group>"; };
		CC000030 /* BulkImportService.swift */ = {isa = PBXFileReference; lastKnownFileType = sourcecode.swift; path = BulkImportService.swift; sourceTree = "<group>"; };
		CC000031 /* BulkImportView.swift */ = {isa = PBXFileReference; lastKnownFileType = sourcecode.swift; path = BulkImportView.swift; sourceTree = "<group>"; };
		CC000040 /* AppTheme.swift */ = {isa = PBXFileReference; lastKnownFileType = sourcecode.swift; path = AppTheme.swift; sourceTree = "<group>"; };
		CC000050 /* SplashView.swift */ = {isa = PBXFileReference; lastKnownFileType = sourcecode.swift; path = SplashView.swift; sourceTree = "<group>"; };
		CC000051 /* Folder.swift */ = {isa = PBXFileReference; lastKnownFileType = sourcecode.swift; path = Folder.swift; sourceTree = "<group>"; };
		CC000052 /* ScanEvent.swift */ = {isa = PBXFileReference; lastKnownFileType = sourcecode.swift; path = ScanEvent.swift; sourceTree = "<group>"; };
		CC000053 /* AppearanceSettingsView.swift */ = {isa = PBXFileReference; lastKnownFileType = sourcecode.swift; path = AppearanceSettingsView.swift; sourceTree = "<group>"; };
		CC000054 /* ManageFoldersView.swift */ = {isa = PBXFileReference; lastKnownFileType = sourcecode.swift; path = ManageFoldersView.swift; sourceTree = "<group>"; };
		CC000055 /* HapticManager.swift */ = {isa = PBXFileReference; lastKnownFileType = sourcecode.swift; path = HapticManager.swift; sourceTree = "<group>"; };
		CC000056 /* QRDataDecoder.swift */ = {isa = PBXFileReference; lastKnownFileType = sourcecode.swift; path = QRDataDecoder.swift; sourceTree = "<group>"; };
/* End PBXFileReference section */

/* Begin PBXFrameworksBuildPhase section */
		AA000300 /* Frameworks */ = {
			isa = PBXFrameworksBuildPhase;
			buildActionMask = 2147483647;
			files = (
			);
			runOnlyForDeploymentPostprocessing = 0;
		};
/* End PBXFrameworksBuildPhase section */

/* Begin PBXGroup section */
		AA000010 = {
			isa = PBXGroup;
			children = (
				AA000020 /* QRBook */,
				AA000030 /* Products */,
			);
			sourceTree = "<group>";
		};
		AA000020 /* QRBook */ = {
			isa = PBXGroup;
			children = (
				CC000001 /* QRBookApp.swift */,
				CC000021 /* QRBook.entitlements */,
				DD000010 /* Theme */,
				DD000001 /* Models */,
				DD000002 /* ViewModels */,
				DD000003 /* Views */,
				DD000004 /* Utilities */,
				DD000005 /* Resources */,
			);
			path = QRBook;
			sourceTree = "<group>";
		};
		AA000030 /* Products */ = {
			isa = PBXGroup;
			children = (
				AA000001 /* QRBook.app */,
			);
			name = Products;
			sourceTree = "<group>";
		};
		DD000001 /* Models */ = {
			isa = PBXGroup;
			children = (
				CC000002 /* QRCode.swift */,
				CC000051 /* Folder.swift */,
				CC000052 /* ScanEvent.swift */,
			);
			path = Models;
			sourceTree = "<group>";
		};
		DD000002 /* ViewModels */ = {
			isa = PBXGroup;
			children = (
				CC000017 /* QRLibraryViewModel.swift */,
				CC000018 /* QRCreationViewModel.swift */,
			);
			path = ViewModels;
			sourceTree = "<group>";
		};
		DD000003 /* Views */ = {
			isa = PBXGroup;
			children = (
				CC000006 /* MainTabView.swift */,
				CC000050 /* SplashView.swift */,
				DD000006 /* Library */,
				DD000007 /* Creation */,
				DD000008 /* Fullscreen */,
				DD000009 /* Settings */,
				DD000011 /* Folders */,
			);
			path = Views;
			sourceTree = "<group>";
		};
		DD000004 /* Utilities */ = {
			isa = PBXGroup;
			children = (
				CC000003 /* QRGenerator.swift */,
				CC000004 /* QRDataEncoder.swift */,
				CC000005 /* Validation.swift */,
				CC000030 /* BulkImportService.swift */,
				CC000055 /* HapticManager.swift */,
				CC000056 /* QRDataDecoder.swift */,
			);
			path = Utilities;
			sourceTree = "<group>";
		};
		DD000005 /* Resources */ = {
			isa = PBXGroup;
			children = (
				CC000020 /* Assets.xcassets */,
			);
			path = Resources;
			sourceTree = "<group>";
		};
		DD000006 /* Library */ = {
			isa = PBXGroup;
			children = (
				CC000007 /* QRLibraryView.swift */,
				CC000008 /* QRCardView.swift */,
				CC000009 /* QRFilterSheet.swift */,
			);
			path = Library;
			sourceTree = "<group>";
		};
		DD000007 /* Creation */ = {
			isa = PBXGroup;
			children = (
				CC000010 /* CreateQRView.swift */,
				CC000011 /* WiFiFormView.swift */,
				CC000012 /* ContactFormView.swift */,
				CC000013 /* CalendarFormView.swift */,
				CC000014 /* PaymentFormView.swift */,
			);
			path = Creation;
			sourceTree = "<group>";
		};
		DD000008 /* Fullscreen */ = {
			isa = PBXGroup;
			children = (
				CC000015 /* QRFullscreenView.swift */,
			);
			path = Fullscreen;
			sourceTree = "<group>";
		};
		DD000009 /* Settings */ = {
			isa = PBXGroup;
			children = (
				CC000016 /* SettingsView.swift */,
				CC000031 /* BulkImportView.swift */,
				CC000053 /* AppearanceSettingsView.swift */,
			);
			path = Settings;
			sourceTree = "<group>";
		};
		DD000011 /* Folders */ = {
			isa = PBXGroup;
			children = (
				CC000054 /* ManageFoldersView.swift */,
			);
			path = Folders;
			sourceTree = "<group>";
		};
		DD000010 /* Theme */ = {
			isa = PBXGroup;
			children = (
				CC000040 /* AppTheme.swift */,
			);
			path = Theme;
			sourceTree = "<group>";
		};
/* End PBXGroup section */

/* Begin PBXNativeTarget section */
		AA000100 /* QRBook */ = {
			isa = PBXNativeTarget;
			buildConfigurationList = AA000500 /* Build configuration list for PBXNativeTarget "QRBook" */;
			buildPhases = (
				AA000200 /* Sources */,
				AA000300 /* Frameworks */,
				AA000400 /* Resources */,
			);
			buildRules = (
			);
			dependencies = (
			);
			name = QRBook;
			packageProductDependencies = (
			);
			productName = QRBook;
			productReference = AA000001 /* QRBook.app */;
			productType = "com.apple.product-type.application";
		};
/* End PBXNativeTarget section */

/* Begin PBXProject section */
		AA000011 /* Project object */ = {
			isa = PBXProject;
			attributes = {
				BuildIndependentTargetsInParallel = 1;
				LastSwiftUpdateCheck = 1600;
				LastUpgradeCheck = 2620;
				TargetAttributes = {
					AA000100 = {
						CreatedOnToolsVersion = 16.0;
					};
				};
			};
			buildConfigurationList = AA000600 /* Build configuration list for PBXProject "QRBook" */;
			compatibilityVersion = "Xcode 14.0";
			developmentRegion = en;
			hasScannedForEncodings = 0;
			knownRegions = (
				en,
				Base,
			);
			mainGroup = AA000010;
			productRefGroup = AA000030 /* Products */;
			projectDirPath = "";
			projectRoot = "";
			targets = (
				AA000100 /* QRBook */,
			);
		};
/* End PBXProject section */

/* Begin PBXResourcesBuildPhase section */
		AA000400 /* Resources */ = {
			isa = PBXResourcesBuildPhase;
			buildActionMask = 2147483647;
			files = (
				BB000020 /* Assets.xcassets in Resources */,
			);
			runOnlyForDeploymentPostprocessing = 0;
		};
/* End PBXResourcesBuildPhase section */

/* Begin PBXSourcesBuildPhase section */
		AA000200 /* Sources */ = {
			isa = PBXSourcesBuildPhase;
			buildActionMask = 2147483647;
			files = (
				BB000001 /* QRBookApp.swift in Sources */,
				BB000002 /* QRCode.swift in Sources */,
				BB000003 /* QRGenerator.swift in Sources */,
				BB000004 /* QRDataEncoder.swift in Sources */,
				BB000005 /* Validation.swift in Sources */,
				BB000006 /* MainTabView.swift in Sources */,
				BB000007 /* QRLibraryView.swift in Sources */,
				BB000008 /* QRCardView.swift in Sources */,
				BB000009 /* QRFilterSheet.swift in Sources */,
				BB000010 /* CreateQRView.swift in Sources */,
				BB000011 /* WiFiFormView.swift in Sources */,
				BB000012 /* ContactFormView.swift in Sources */,
				BB000013 /* CalendarFormView.swift in Sources */,
				BB000014 /* PaymentFormView.swift in Sources */,
				BB000015 /* QRFullscreenView.swift in Sources */,
				BB000016 /* SettingsView.swift in Sources */,
				BB000017 /* QRLibraryViewModel.swift in Sources */,
				BB000018 /* QRCreationViewModel.swift in Sources */,
				BB000030 /* BulkImportService.swift in Sources */,
				BB000031 /* BulkImportView.swift in Sources */,
				BB000040 /* AppTheme.swift in Sources */,
				BB000050 /* SplashView.swift in Sources */,
				BB000051 /* Folder.swift in Sources */,
				BB000052 /* ScanEvent.swift in Sources */,
				BB000053 /* AppearanceSettingsView.swift in Sources */,
				BB000054 /* ManageFoldersView.swift in Sources */,
				BB000055 /* HapticManager.swift in Sources */,
				BB000056 /* QRDataDecoder.swift in Sources */,
			);
			runOnlyForDeploymentPostprocessing = 0;
		};
/* End PBXSourcesBuildPhase section */

/* Begin XCBuildConfiguration section */
		AA000501 /* Debug */ = {
			isa = XCBuildConfiguration;
			buildSettings = {
				ASSETCATALOG_COMPILER_APPICON_NAME = AppIcon;
				ASSETCATALOG_COMPILER_GLOBAL_ACCENT_COLOR_NAME = AccentColor;
				CODE_SIGN_ENTITLEMENTS = QRBook/QRBook.entitlements;
				CODE_SIGN_STYLE = Automatic;
				CURRENT_PROJECT_VERSION = 1;
				ENABLE_PREVIEWS = YES;
				GENERATE_INFOPLIST_FILE = YES;
				INFOPLIST_KEY_UIApplicationSceneManifest_Generation = YES;
				INFOPLIST_KEY_UIApplicationSupportsIndirectInputEvents = YES;
				INFOPLIST_KEY_NSPhotoLibraryAddUsageDescription = "QR Book needs access to save QR code images to your photo library.";
				INFOPLIST_KEY_UILaunchScreen_Generation = YES;
				INFOPLIST_KEY_UISupportedInterfaceOrientations_iPad = "UIInterfaceOrientationPortrait UIInterfaceOrientationPortraitUpsideDown UIInterfaceOrientationLandscapeLeft UIInterfaceOrientationLandscapeRight";
				INFOPLIST_KEY_UISupportedInterfaceOrientations_iPhone = "UIInterfaceOrientationPortrait UIInterfaceOrientationLandscapeLeft UIInterfaceOrientationLandscapeRight";
				IPHONEOS_DEPLOYMENT_TARGET = 17.0;
				LD_RUNPATH_SEARCH_PATHS = (
					"$(inherited)",
					"@executable_path/Frameworks",
				);
				MARKETING_VERSION = 1.0;
				PRODUCT_BUNDLE_IDENTIFIER = com.gyndok.QRBook;
				PRODUCT_NAME = "$(TARGET_NAME)";
				SWIFT_EMIT_LOC_STRINGS = YES;
				SWIFT_VERSION = 5.0;
				TARGETED_DEVICE_FAMILY = "1,2";
			};
			name = Debug;
		};
		AA000502 /* Release */ = {
			isa = XCBuildConfiguration;
			buildSettings = {
				ASSETCATALOG_COMPILER_APPICON_NAME = AppIcon;
				ASSETCATALOG_COMPILER_GLOBAL_ACCENT_COLOR_NAME = AccentColor;
				CODE_SIGN_ENTITLEMENTS = QRBook/QRBook.entitlements;
				CODE_SIGN_STYLE = Automatic;
				CURRENT_PROJECT_VERSION = 1;
				ENABLE_PREVIEWS = YES;
				GENERATE_INFOPLIST_FILE = YES;
				INFOPLIST_KEY_UIApplicationSceneManifest_Generation = YES;
				INFOPLIST_KEY_UIApplicationSupportsIndirectInputEvents = YES;
				INFOPLIST_KEY_NSPhotoLibraryAddUsageDescription = "QR Book needs access to save QR code images to your photo library.";
				INFOPLIST_KEY_UILaunchScreen_Generation = YES;
				INFOPLIST_KEY_UISupportedInterfaceOrientations_iPad = "UIInterfaceOrientationPortrait UIInterfaceOrientationPortraitUpsideDown UIInterfaceOrientationLandscapeLeft UIInterfaceOrientationLandscapeRight";
				INFOPLIST_KEY_UISupportedInterfaceOrientations_iPhone = "UIInterfaceOrientationPortrait UIInterfaceOrientationLandscapeLeft UIInterfaceOrientationLandscapeRight";
				IPHONEOS_DEPLOYMENT_TARGET = 17.0;
				LD_RUNPATH_SEARCH_PATHS = (
					"$(inherited)",
					"@executable_path/Frameworks",
				);
				MARKETING_VERSION = 1.0;
				PRODUCT_BUNDLE_IDENTIFIER = com.gyndok.QRBook;
				PRODUCT_NAME = "$(TARGET_NAME)";
				SWIFT_EMIT_LOC_STRINGS = YES;
				SWIFT_VERSION = 5.0;
				TARGETED_DEVICE_FAMILY = "1,2";
			};
			name = Release;
		};
		AA000601 /* Debug */ = {
			isa = XCBuildConfiguration;
			buildSettings = {
				ALWAYS_SEARCH_USER_PATHS = NO;
				ASSETCATALOG_COMPILER_GENERATE_SWIFT_ASSET_SYMBOL_EXTENSIONS = YES;
				CLANG_ANALYZER_NONNULL = YES;
				CLANG_ANALYZER_NUMBER_OBJECT_CONVERSION = YES_AGGRESSIVE;
				CLANG_CXX_LANGUAGE_STANDARD = "gnu++20";
				CLANG_ENABLE_MODULES = YES;
				CLANG_ENABLE_OBJC_ARC = YES;
				CLANG_ENABLE_OBJC_WEAK = YES;
				CLANG_WARN_BLOCK_CAPTURE_AUTORELEASING = YES;
				CLANG_WARN_BOOL_CONVERSION = YES;
				CLANG_WARN_COMMA = YES;
				CLANG_WARN_CONSTANT_CONVERSION = YES;
				CLANG_WARN_DEPRECATED_OBJC_IMPLEMENTATIONS = YES;
				CLANG_WARN_DIRECT_OBJC_ISA_USAGE = YES_ERROR;
				CLANG_WARN_DOCUMENTATION_COMMENTS = YES;
				CLANG_WARN_EMPTY_BODY = YES;
				CLANG_WARN_ENUM_CONVERSION = YES;
				CLANG_WARN_INFINITE_RECURSION = YES;
				CLANG_WARN_INT_CONVERSION = YES;
				CLANG_WARN_NON_LITERAL_NULL_CONVERSION = YES;
				CLANG_WARN_OBJC_IMPLICIT_RETAIN_SELF = YES;
				CLANG_WARN_OBJC_LITERAL_CONVERSION = YES;
				CLANG_WARN_OBJC_ROOT_CLASS = YES_ERROR;
				CLANG_WARN_QUOTED_INCLUDE_IN_FRAMEWORK_HEADER = YES;
				CLANG_WARN_RANGE_LOOP_ANALYSIS = YES;
				CLANG_WARN_STRICT_PROTOTYPES = YES;
				CLANG_WARN_SUSPICIOUS_MOVE = YES;
				CLANG_WARN_UNGUARDED_AVAILABILITY = YES_AGGRESSIVE;
				CLANG_WARN_UNREACHABLE_CODE = YES;
				CLANG_WARN__DUPLICATE_METHOD_MATCH = YES;
				COPY_PHASE_STRIP = NO;
				DEBUG_INFORMATION_FORMAT = dwarf;
				DEVELOPMENT_TEAM = NJ4JGW72MW;
				ENABLE_STRICT_OBJC_MSGSEND = YES;
				ENABLE_TESTABILITY = YES;
				ENABLE_USER_SCRIPT_SANDBOXING = YES;
				GCC_C_LANGUAGE_STANDARD = gnu17;
				GCC_DYNAMIC_NO_PIC = NO;
				GCC_NO_COMMON_BLOCKS = YES;
				GCC_OPTIMIZATION_LEVEL = 0;
				GCC_PREPROCESSOR_DEFINITIONS = (
					"DEBUG=1",
					"$(inherited)",
				);
				GCC_WARN_64_TO_32_BIT_CONVERSION = YES;
				GCC_WARN_ABOUT_RETURN_TYPE = YES_ERROR;
				GCC_WARN_UNDECLARED_SELECTOR = YES;
				GCC_WARN_UNINITIALIZED_AUTOS = YES_AGGRESSIVE;
				GCC_WARN_UNUSED_FUNCTION = YES;
				GCC_WARN_UNUSED_VARIABLE = YES;
				IPHONEOS_DEPLOYMENT_TARGET = 17.0;
				LOCALIZATION_PREFERS_STRING_CATALOGS = YES;
				MTL_ENABLE_DEBUG_INFO = INCLUDE_SOURCE;
				MTL_FAST_MATH = YES;
				ONLY_ACTIVE_ARCH = YES;
				SDKROOT = iphoneos;
				STRING_CATALOG_GENERATE_SYMBOLS = YES;
				SWIFT_ACTIVE_COMPILATION_CONDITIONS = "DEBUG $(inherited)";
				SWIFT_OPTIMIZATION_LEVEL = "-Onone";
			};
			name = Debug;
		};
		AA000602 /* Release */ = {
			isa = XCBuildConfiguration;
			buildSettings = {
				ALWAYS_SEARCH_USER_PATHS = NO;
				ASSETCATALOG_COMPILER_GENERATE_SWIFT_ASSET_SYMBOL_EXTENSIONS = YES;
				CLANG_ANALYZER_NONNULL = YES;
				CLANG_ANALYZER_NUMBER_OBJECT_CONVERSION = YES_AGGRESSIVE;
				CLANG_CXX_LANGUAGE_STANDARD = "gnu++20";
				CLANG_ENABLE_MODULES = YES;
				CLANG_ENABLE_OBJC_ARC = YES;
				CLANG_ENABLE_OBJC_WEAK = YES;
				CLANG_WARN_BLOCK_CAPTURE_AUTORELEASING = YES;
				CLANG_WARN_BOOL_CONVERSION = YES;
				CLANG_WARN_COMMA = YES;
				CLANG_WARN_CONSTANT_CONVERSION = YES;
				CLANG_WARN_DEPRECATED_OBJC_IMPLEMENTATIONS = YES;
				CLANG_WARN_DIRECT_OBJC_ISA_USAGE = YES_ERROR;
				CLANG_WARN_DOCUMENTATION_COMMENTS = YES;
				CLANG_WARN_EMPTY_BODY = YES;
				CLANG_WARN_ENUM_CONVERSION = YES;
				CLANG_WARN_INFINITE_RECURSION = YES;
				CLANG_WARN_INT_CONVERSION = YES;
				CLANG_WARN_NON_LITERAL_NULL_CONVERSION = YES;
				CLANG_WARN_OBJC_IMPLICIT_RETAIN_SELF = YES;
				CLANG_WARN_OBJC_LITERAL_CONVERSION = YES;
				CLANG_WARN_OBJC_ROOT_CLASS = YES_ERROR;
				CLANG_WARN_QUOTED_INCLUDE_IN_FRAMEWORK_HEADER = YES;
				CLANG_WARN_RANGE_LOOP_ANALYSIS = YES;
				CLANG_WARN_STRICT_PROTOTYPES = YES;
				CLANG_WARN_SUSPICIOUS_MOVE = YES;
				CLANG_WARN_UNGUARDED_AVAILABILITY = YES_AGGRESSIVE;
				CLANG_WARN_UNREACHABLE_CODE = YES;
				CLANG_WARN__DUPLICATE_METHOD_MATCH = YES;
				COPY_PHASE_STRIP = NO;
				DEBUG_INFORMATION_FORMAT = "dwarf-with-dsym";
				DEVELOPMENT_TEAM = NJ4JGW72MW;
				ENABLE_NS_ASSERTIONS = NO;
				ENABLE_STRICT_OBJC_MSGSEND = YES;
				ENABLE_USER_SCRIPT_SANDBOXING = YES;
				GCC_C_LANGUAGE_STANDARD = gnu17;
				GCC_NO_COMMON_BLOCKS = YES;
				GCC_WARN_64_TO_32_BIT_CONVERSION = YES;
				GCC_WARN_ABOUT_RETURN_TYPE = YES_ERROR;
				GCC_WARN_UNDECLARED_SELECTOR = YES;
				GCC_WARN_UNINITIALIZED_AUTOS = YES_AGGRESSIVE;
				GCC_WARN_UNUSED_FUNCTION = YES;
				GCC_WARN_UNUSED_VARIABLE = YES;
				IPHONEOS_DEPLOYMENT_TARGET = 17.0;
				LOCALIZATION_PREFERS_STRING_CATALOGS = YES;
				MTL_ENABLE_DEBUG_INFO = NO;
				MTL_FAST_MATH = YES;
				SDKROOT = iphoneos;
				STRING_CATALOG_GENERATE_SYMBOLS = YES;
				SWIFT_COMPILATION_MODE = wholemodule;
				VALIDATE_PRODUCT = YES;
			};
			name = Release;
		};
/* End XCBuildConfiguration section */

/* Begin XCConfigurationList section */
		AA000500 /* Build configuration list for PBXNativeTarget "QRBook" */ = {
			isa = XCConfigurationList;
			buildConfigurations = (
				AA000501 /* Debug */,
				AA000502 /* Release */,
			);
			defaultConfigurationIsVisible = 0;
			defaultConfigurationName = Release;
		};
		AA000600 /* Build configuration list for PBXProject "QRBook" */ = {
			isa = XCConfigurationList;
			buildConfigurations = (
				AA000601 /* Debug */,
				AA000602 /* Release */,
			);
			defaultConfigurationIsVisible = 0;
			defaultConfigurationName = Release;
		};
/* End XCConfigurationList section */
	};
	rootObject = AA000011 /* Project object */;
}
